// !$*UTF8*$!
{
	archiveVersion = 1;
	classes = {
	};
	objectVersion = 51;
	objects = {

/* Begin PBXBuildFile section */
		7BA7886DB79FBB1BF3BBD522 /* Pods_LogMe.framework in Frameworks */ = {isa = PBXBuildFile; fileRef = BF5D542562E38D2B38451CA1 /* Pods_LogMe.framework */; };
		880390E4233D42A7005D4B10 /* GoogleService-Info.plist in Resources */ = {isa = PBXBuildFile; fileRef = 880390E3233D42A7005D4B10 /* GoogleService-Info.plist */; };
		8851E33D233B078F0083D15F /* AppDelegate.swift in Sources */ = {isa = PBXBuildFile; fileRef = 8851E33C233B078F0083D15F /* AppDelegate.swift */; };
		8851E33F233B078F0083D15F /* SceneDelegate.swift in Sources */ = {isa = PBXBuildFile; fileRef = 8851E33E233B078F0083D15F /* SceneDelegate.swift */; };
		8851E341233B078F0083D15F /* ViewController.swift in Sources */ = {isa = PBXBuildFile; fileRef = 8851E340233B078F0083D15F /* ViewController.swift */; };
		8851E344233B078F0083D15F /* Main.storyboard in Resources */ = {isa = PBXBuildFile; fileRef = 8851E342233B078F0083D15F /* Main.storyboard */; };
		8851E347233B078F0083D15F /* LogMe.xcdatamodeld in Sources */ = {isa = PBXBuildFile; fileRef = 8851E345233B078F0083D15F /* LogMe.xcdatamodeld */; };
		8851E349233B07900083D15F /* Assets.xcassets in Resources */ = {isa = PBXBuildFile; fileRef = 8851E348233B07900083D15F /* Assets.xcassets */; };
		8851E34C233B07900083D15F /* LaunchScreen.storyboard in Resources */ = {isa = PBXBuildFile; fileRef = 8851E34A233B07900083D15F /* LaunchScreen.storyboard */; };
		8851E354233B07B30083D15F /* SignUpViewController.swift in Sources */ = {isa = PBXBuildFile; fileRef = 8851E353233B07B30083D15F /* SignUpViewController.swift */; };
		8851E356233B07C50083D15F /* LogInViewController.swift in Sources */ = {isa = PBXBuildFile; fileRef = 8851E355233B07C50083D15F /* LogInViewController.swift */; };
		8851E358233B07D60083D15F /* MainViewController.swift in Sources */ = {isa = PBXBuildFile; fileRef = 8851E357233B07D60083D15F /* MainViewController.swift */; };
/* End PBXBuildFile section */

/* Begin PBXFileReference section */
		724D6625C87A259A8CDC922F /* Pods-LogMe.debug.xcconfig */ = {isa = PBXFileReference; includeInIndex = 1; lastKnownFileType = text.xcconfig; name = "Pods-LogMe.debug.xcconfig"; path = "Target Support Files/Pods-LogMe/Pods-LogMe.debug.xcconfig"; sourceTree = "<group>"; };
		880390E2233D1FBF005D4B10 /* LogMe.entitlements */ = {isa = PBXFileReference; lastKnownFileType = text.plist.entitlements; path = LogMe.entitlements; sourceTree = "<group>"; };
		880390E3233D42A7005D4B10 /* GoogleService-Info.plist */ = {isa = PBXFileReference; fileEncoding = 4; lastKnownFileType = text.plist.xml; path = "GoogleService-Info.plist"; sourceTree = "<group>"; };
		8851E339233B078F0083D15F /* LogMe.app */ = {isa = PBXFileReference; explicitFileType = wrapper.application; includeInIndex = 0; path = LogMe.app; sourceTree = BUILT_PRODUCTS_DIR; };
		8851E33C233B078F0083D15F /* AppDelegate.swift */ = {isa = PBXFileReference; lastKnownFileType = sourcecode.swift; path = AppDelegate.swift; sourceTree = "<group>"; };
		8851E33E233B078F0083D15F /* SceneDelegate.swift */ = {isa = PBXFileReference; lastKnownFileType = sourcecode.swift; path = SceneDelegate.swift; sourceTree = "<group>"; };
		8851E340233B078F0083D15F /* ViewController.swift */ = {isa = PBXFileReference; lastKnownFileType = sourcecode.swift; path = ViewController.swift; sourceTree = "<group>"; };
		8851E343233B078F0083D15F /* Base */ = {isa = PBXFileReference; lastKnownFileType = file.storyboard; name = Base; path = Base.lproj/Main.storyboard; sourceTree = "<group>"; };
		8851E346233B078F0083D15F /* LogMe.xcdatamodel */ = {isa = PBXFileReference; lastKnownFileType = wrapper.xcdatamodel; path = LogMe.xcdatamodel; sourceTree = "<group>"; };
		8851E348233B07900083D15F /* Assets.xcassets */ = {isa = PBXFileReference; lastKnownFileType = folder.assetcatalog; path = Assets.xcassets; sourceTree = "<group>"; };
		8851E34B233B07900083D15F /* Base */ = {isa = PBXFileReference; lastKnownFileType = file.storyboard; name = Base; path = Base.lproj/LaunchScreen.storyboard; sourceTree = "<group>"; };
		8851E34D233B07900083D15F /* Info.plist */ = {isa = PBXFileReference; lastKnownFileType = text.plist.xml; path = Info.plist; sourceTree = "<group>"; };
		8851E353233B07B30083D15F /* SignUpViewController.swift */ = {isa = PBXFileReference; lastKnownFileType = sourcecode.swift; path = SignUpViewController.swift; sourceTree = "<group>"; };
		8851E355233B07C50083D15F /* LogInViewController.swift */ = {isa = PBXFileReference; lastKnownFileType = sourcecode.swift; path = LogInViewController.swift; sourceTree = "<group>"; };
		8851E357233B07D60083D15F /* MainViewController.swift */ = {isa = PBXFileReference; lastKnownFileType = sourcecode.swift; path = MainViewController.swift; sourceTree = "<group>"; };
		BF5D542562E38D2B38451CA1 /* Pods_LogMe.framework */ = {isa = PBXFileReference; explicitFileType = wrapper.framework; includeInIndex = 0; path = Pods_LogMe.framework; sourceTree = BUILT_PRODUCTS_DIR; };
		EB0C1DFBBFB79226FFFD6AB7 /* Pods-LogMe.release.xcconfig */ = {isa = PBXFileReference; includeInIndex = 1; lastKnownFileType = text.xcconfig; name = "Pods-LogMe.release.xcconfig"; path = "Target Support Files/Pods-LogMe/Pods-LogMe.release.xcconfig"; sourceTree = "<group>"; };
/* End PBXFileReference section */

/* Begin PBXFrameworksBuildPhase section */
		8851E336233B078F0083D15F /* Frameworks */ = {
			isa = PBXFrameworksBuildPhase;
			buildActionMask = 2147483647;
			files = (
				7BA7886DB79FBB1BF3BBD522 /* Pods_LogMe.framework in Frameworks */,
			);
			runOnlyForDeploymentPostprocessing = 0;
		};
/* End PBXFrameworksBuildPhase section */

/* Begin PBXGroup section */
		8851E330233B078F0083D15F = {
			isa = PBXGroup;
			children = (
				8851E33B233B078F0083D15F /* LogMe */,
				8851E33A233B078F0083D15F /* Products */,
				D14EC90CD23A0119571C1694 /* Pods */,
				A88B969B7412302086DB61D5 /* Frameworks */,
			);
			sourceTree = "<group>";
		};
		8851E33A233B078F0083D15F /* Products */ = {
			isa = PBXGroup;
			children = (
				8851E339233B078F0083D15F /* LogMe.app */,
			);
			name = Products;
			sourceTree = "<group>";
		};
		8851E33B233B078F0083D15F /* LogMe */ = {
			isa = PBXGroup;
			children = (
				880390E2233D1FBF005D4B10 /* LogMe.entitlements */,
				8851E33C233B078F0083D15F /* AppDelegate.swift */,
				8851E33E233B078F0083D15F /* SceneDelegate.swift */,
				8851E359233B07E20083D15F /* View */,
				8851E342233B078F0083D15F /* Main.storyboard */,
				8851E348233B07900083D15F /* Assets.xcassets */,
				8851E34A233B07900083D15F /* LaunchScreen.storyboard */,
				880390E3233D42A7005D4B10 /* GoogleService-Info.plist */,
				8851E34D233B07900083D15F /* Info.plist */,
				8851E345233B078F0083D15F /* LogMe.xcdatamodeld */,
			);
			path = LogMe;
			sourceTree = "<group>";
		};
		8851E359233B07E20083D15F /* View */ = {
			isa = PBXGroup;
			children = (
				8851E355233B07C50083D15F /* LogInViewController.swift */,
				8851E357233B07D60083D15F /* MainViewController.swift */,
				8851E340233B078F0083D15F /* ViewController.swift */,
				8851E353233B07B30083D15F /* SignUpViewController.swift */,
			);
			path = View;
			sourceTree = "<group>";
		};
		A88B969B7412302086DB61D5 /* Frameworks */ = {
			isa = PBXGroup;
			children = (
				BF5D542562E38D2B38451CA1 /* Pods_LogMe.framework */,
			);
			name = Frameworks;
			sourceTree = "<group>";
		};
		D14EC90CD23A0119571C1694 /* Pods */ = {
			isa = PBXGroup;
			children = (
				724D6625C87A259A8CDC922F /* Pods-LogMe.debug.xcconfig */,
				EB0C1DFBBFB79226FFFD6AB7 /* Pods-LogMe.release.xcconfig */,
			);
			path = Pods;
			sourceTree = "<group>";
		};
/* End PBXGroup section */

/* Begin PBXNativeTarget section */
		8851E338233B078F0083D15F /* LogMe */ = {
			isa = PBXNativeTarget;
			buildConfigurationList = 8851E350233B07900083D15F /* Build configuration list for PBXNativeTarget "LogMe" */;
			buildPhases = (
				CBC0E958CD4243336C06DCDD /* [CP] Check Pods Manifest.lock */,
				8851E335233B078F0083D15F /* Sources */,
				8851E336233B078F0083D15F /* Frameworks */,
				8851E337233B078F0083D15F /* Resources */,
				B26A35AFFD1AACC2A4C5C475 /* [CP] Embed Pods Frameworks */,
			);
			buildRules = (
			);
			dependencies = (
			);
			name = LogMe;
			productName = LogMe;
			productReference = 8851E339233B078F0083D15F /* LogMe.app */;
			productType = "com.apple.product-type.application";
		};
/* End PBXNativeTarget section */

/* Begin PBXProject section */
		8851E331233B078F0083D15F /* Project object */ = {
			isa = PBXProject;
			attributes = {
				LastSwiftUpdateCheck = 1100;
				LastUpgradeCheck = 1100;
				ORGANIZATIONNAME = "Howard Chang";
				TargetAttributes = {
					8851E338233B078F0083D15F = {
						CreatedOnToolsVersion = 11.0;
					};
				};
			};
			buildConfigurationList = 8851E334233B078F0083D15F /* Build configuration list for PBXProject "LogMe" */;
			compatibilityVersion = "Xcode 9.3";
			developmentRegion = en;
			hasScannedForEncodings = 0;
			knownRegions = (
				en,
				Base,
			);
			mainGroup = 8851E330233B078F0083D15F;
			productRefGroup = 8851E33A233B078F0083D15F /* Products */;
			projectDirPath = "";
			projectRoot = "";
			targets = (
				8851E338233B078F0083D15F /* LogMe */,
			);
		};
/* End PBXProject section */

/* Begin PBXResourcesBuildPhase section */
		8851E337233B078F0083D15F /* Resources */ = {
			isa = PBXResourcesBuildPhase;
			buildActionMask = 2147483647;
			files = (
				8851E34C233B07900083D15F /* LaunchScreen.storyboard in Resources */,
				880390E4233D42A7005D4B10 /* GoogleService-Info.plist in Resources */,
				8851E349233B07900083D15F /* Assets.xcassets in Resources */,
				8851E344233B078F0083D15F /* Main.storyboard in Resources */,
			);
			runOnlyForDeploymentPostprocessing = 0;
		};
/* End PBXResourcesBuildPhase section */

/* Begin PBXShellScriptBuildPhase section */
		B26A35AFFD1AACC2A4C5C475 /* [CP] Embed Pods Frameworks */ = {
			isa = PBXShellScriptBuildPhase;
			buildActionMask = 2147483647;
			files = (
			);
			inputFileListPaths = (
				"${PODS_ROOT}/Target Support Files/Pods-LogMe/Pods-LogMe-frameworks-${CONFIGURATION}-input-files.xcfilelist",
			);
			name = "[CP] Embed Pods Frameworks";
			outputFileListPaths = (
				"${PODS_ROOT}/Target Support Files/Pods-LogMe/Pods-LogMe-frameworks-${CONFIGURATION}-output-files.xcfilelist",
			);
			runOnlyForDeploymentPostprocessing = 0;
			shellPath = /bin/sh;
			shellScript = "\"${PODS_ROOT}/Target Support Files/Pods-LogMe/Pods-LogMe-frameworks.sh\"\n";
			showEnvVarsInLog = 0;
		};
		CBC0E958CD4243336C06DCDD /* [CP] Check Pods Manifest.lock */ = {
			isa = PBXShellScriptBuildPhase;
			buildActionMask = 2147483647;
			files = (
			);
			inputFileListPaths = (
			);
			inputPaths = (
				"${PODS_PODFILE_DIR_PATH}/Podfile.lock",
				"${PODS_ROOT}/Manifest.lock",
			);
			name = "[CP] Check Pods Manifest.lock";
			outputFileListPaths = (
			);
			outputPaths = (
				"$(DERIVED_FILE_DIR)/Pods-LogMe-checkManifestLockResult.txt",
			);
			runOnlyForDeploymentPostprocessing = 0;
			shellPath = /bin/sh;
			shellScript = "diff \"${PODS_PODFILE_DIR_PATH}/Podfile.lock\" \"${PODS_ROOT}/Manifest.lock\" > /dev/null\nif [ $? != 0 ] ; then\n    # print error to STDERR\n    echo \"error: The sandbox is not in sync with the Podfile.lock. Run 'pod install' or update your CocoaPods installation.\" >&2\n    exit 1\nfi\n# This output is used by Xcode 'outputs' to avoid re-running this script phase.\necho \"SUCCESS\" > \"${SCRIPT_OUTPUT_FILE_0}\"\n";
			showEnvVarsInLog = 0;
		};
/* End PBXShellScriptBuildPhase section */

/* Begin PBXSourcesBuildPhase section */
		8851E335233B078F0083D15F /* Sources */ = {
			isa = PBXSourcesBuildPhase;
			buildActionMask = 2147483647;
			files = (
				8851E358233B07D60083D15F /* MainViewController.swift in Sources */,
				8851E341233B078F0083D15F /* ViewController.swift in Sources */,
				8851E33D233B078F0083D15F /* AppDelegate.swift in Sources */,
				8851E356233B07C50083D15F /* LogInViewController.swift in Sources */,
				8851E347233B078F0083D15F /* LogMe.xcdatamodeld in Sources */,
				8851E33F233B078F0083D15F /* SceneDelegate.swift in Sources */,
				8851E354233B07B30083D15F /* SignUpViewController.swift in Sources */,
			);
			runOnlyForDeploymentPostprocessing = 0;
		};
/* End PBXSourcesBuildPhase section */

/* Begin PBXVariantGroup section */
		8851E342233B078F0083D15F /* Main.storyboard */ = {
			isa = PBXVariantGroup;
			children = (
				8851E343233B078F0083D15F /* Base */,
			);
			name = Main.storyboard;
			sourceTree = "<group>";
		};
		8851E34A233B07900083D15F /* LaunchScreen.storyboard */ = {
			isa = PBXVariantGroup;
			children = (
				8851E34B233B07900083D15F /* Base */,
			);
			name = LaunchScreen.storyboard;
			sourceTree = "<group>";
		};
/* End PBXVariantGroup section */

/* Begin XCBuildConfiguration section */
		8851E34E233B07900083D15F /* Debug */ = {
			isa = XCBuildConfiguration;
			buildSettings = {
				ALWAYS_SEARCH_USER_PATHS = NO;
				CLANG_ANALYZER_NONNULL = YES;
				CLANG_ANALYZER_NUMBER_OBJECT_CONVERSION = YES_AGGRESSIVE;
				CLANG_CXX_LANGUAGE_STANDARD = "gnu++14";
				CLANG_CXX_LIBRARY = "libc++";
				CLANG_ENABLE_MODULES = YES;
				CLANG_ENABLE_OBJC_ARC = YES;
				CLANG_ENABLE_OBJC_WEAK = YES;
				CLANG_WARN_BLOCK_CAPTURE_AUTORELEASING = YES;
				CLANG_WARN_BOOL_CONVERSION = YES;
				CLANG_WARN_COMMA = YES;
				CLANG_WARN_CONSTANT_CONVERSION = YES;
				CLANG_WARN_DEPRECATED_OBJC_IMPLEMENTATIONS = YES;
				CLANG_WARN_DIRECT_OBJC_ISA_USAGE = YES_ERROR;
				CLANG_WARN_DOCUMENTATION_COMMENTS = YES;
				CLANG_WARN_EMPTY_BODY = YES;
				CLANG_WARN_ENUM_CONVERSION = YES;
				CLANG_WARN_INFINITE_RECURSION = YES;
				CLANG_WARN_INT_CONVERSION = YES;
				CLANG_WARN_NON_LITERAL_NULL_CONVERSION = YES;
				CLANG_WARN_OBJC_IMPLICIT_RETAIN_SELF = YES;
				CLANG_WARN_OBJC_LITERAL_CONVERSION = YES;
				CLANG_WARN_OBJC_ROOT_CLASS = YES_ERROR;
				CLANG_WARN_RANGE_LOOP_ANALYSIS = YES;
				CLANG_WARN_STRICT_PROTOTYPES = YES;
				CLANG_WARN_SUSPICIOUS_MOVE = YES;
				CLANG_WARN_UNGUARDED_AVAILABILITY = YES_AGGRESSIVE;
				CLANG_WARN_UNREACHABLE_CODE = YES;
				CLANG_WARN__DUPLICATE_METHOD_MATCH = YES;
				COPY_PHASE_STRIP = NO;
				DEBUG_INFORMATION_FORMAT = dwarf;
				ENABLE_STRICT_OBJC_MSGSEND = YES;
				ENABLE_TESTABILITY = YES;
				GCC_C_LANGUAGE_STANDARD = gnu11;
				GCC_DYNAMIC_NO_PIC = NO;
				GCC_NO_COMMON_BLOCKS = YES;
				GCC_OPTIMIZATION_LEVEL = 0;
				GCC_PREPROCESSOR_DEFINITIONS = (
					"DEBUG=1",
					"$(inherited)",
				);
				GCC_WARN_64_TO_32_BIT_CONVERSION = YES;
				GCC_WARN_ABOUT_RETURN_TYPE = YES_ERROR;
				GCC_WARN_UNDECLARED_SELECTOR = YES;
				GCC_WARN_UNINITIALIZED_AUTOS = YES_AGGRESSIVE;
				GCC_WARN_UNUSED_FUNCTION = YES;
				GCC_WARN_UNUSED_VARIABLE = YES;
				IPHONEOS_DEPLOYMENT_TARGET = 13.0;
				MTL_ENABLE_DEBUG_INFO = INCLUDE_SOURCE;
				MTL_FAST_MATH = YES;
				ONLY_ACTIVE_ARCH = YES;
				SDKROOT = iphoneos;
				SWIFT_ACTIVE_COMPILATION_CONDITIONS = DEBUG;
				SWIFT_OPTIMIZATION_LEVEL = "-Onone";
			};
			name = Debug;
		};
		8851E34F233B07900083D15F /* Release */ = {
			isa = XCBuildConfiguration;
			buildSettings = {
				ALWAYS_SEARCH_USER_PATHS = NO;
				CLANG_ANALYZER_NONNULL = YES;
				CLANG_ANALYZER_NUMBER_OBJECT_CONVERSION = YES_AGGRESSIVE;
				CLANG_CXX_LANGUAGE_STANDARD = "gnu++14";
				CLANG_CXX_LIBRARY = "libc++";
				CLANG_ENABLE_MODULES = YES;
				CLANG_ENABLE_OBJC_ARC = YES;
				CLANG_ENABLE_OBJC_WEAK = YES;
				CLANG_WARN_BLOCK_CAPTURE_AUTORELEASING = YES;
				CLANG_WARN_BOOL_CONVERSION = YES;
				CLANG_WARN_COMMA = YES;
				CLANG_WARN_CONSTANT_CONVERSION = YES;
				CLANG_WARN_DEPRECATED_OBJC_IMPLEMENTATIONS = YES;
				CLANG_WARN_DIRECT_OBJC_ISA_USAGE = YES_ERROR;
				CLANG_WARN_DOCUMENTATION_COMMENTS = YES;
				CLANG_WARN_EMPTY_BODY = YES;
				CLANG_WARN_ENUM_CONVERSION = YES;
				CLANG_WARN_INFINITE_RECURSION = YES;
				CLANG_WARN_INT_CONVERSION = YES;
				CLANG_WARN_NON_LITERAL_NULL_CONVERSION = YES;
				CLANG_WARN_OBJC_IMPLICIT_RETAIN_SELF = YES;
				CLANG_WARN_OBJC_LITERAL_CONVERSION = YES;
				CLANG_WARN_OBJC_ROOT_CLASS = YES_ERROR;
				CLANG_WARN_RANGE_LOOP_ANALYSIS = YES;
				CLANG_WARN_STRICT_PROTOTYPES = YES;
				CLANG_WARN_SUSPICIOUS_MOVE = YES;
				CLANG_WARN_UNGUARDED_AVAILABILITY = YES_AGGRESSIVE;
				CLANG_WARN_UNREACHABLE_CODE = YES;
				CLANG_WARN__DUPLICATE_METHOD_MATCH = YES;
				COPY_PHASE_STRIP = NO;
				DEBUG_INFORMATION_FORMAT = "dwarf-with-dsym";
				ENABLE_NS_ASSERTIONS = NO;
				ENABLE_STRICT_OBJC_MSGSEND = YES;
				GCC_C_LANGUAGE_STANDARD = gnu11;
				GCC_NO_COMMON_BLOCKS = YES;
				GCC_WARN_64_TO_32_BIT_CONVERSION = YES;
				GCC_WARN_ABOUT_RETURN_TYPE = YES_ERROR;
				GCC_WARN_UNDECLARED_SELECTOR = YES;
				GCC_WARN_UNINITIALIZED_AUTOS = YES_AGGRESSIVE;
				GCC_WARN_UNUSED_FUNCTION = YES;
				GCC_WARN_UNUSED_VARIABLE = YES;
				IPHONEOS_DEPLOYMENT_TARGET = 13.0;
				MTL_ENABLE_DEBUG_INFO = NO;
				MTL_FAST_MATH = YES;
				SDKROOT = iphoneos;
				SWIFT_COMPILATION_MODE = wholemodule;
				SWIFT_OPTIMIZATION_LEVEL = "-O";
				VALIDATE_PRODUCT = YES;
			};
			name = Release;
		};
		8851E351233B07900083D15F /* Debug */ = {
			isa = XCBuildConfiguration;
			baseConfigurationReference = 724D6625C87A259A8CDC922F /* Pods-LogMe.debug.xcconfig */;
			buildSettings = {
				ASSETCATALOG_COMPILER_APPICON_NAME = AppIcon;
				CODE_SIGN_ENTITLEMENTS = LogMe/LogMe.entitlements;
				CODE_SIGN_STYLE = Automatic;
				INFOPLIST_FILE = LogMe/Info.plist;
				LD_RUNPATH_SEARCH_PATHS = (
					"$(inherited)",
					"@executable_path/Frameworks",
				);
				PRODUCT_BUNDLE_IDENTIFIER = com.howardchang.login.LogMe;
				PRODUCT_NAME = "$(TARGET_NAME)";
				SWIFT_VERSION = 5.0;
				TARGETED_DEVICE_FAMILY = "1,2";
			};
			name = Debug;
		};
		8851E352233B07900083D15F /* Release */ = {
			isa = XCBuildConfiguration;
			baseConfigurationReference = EB0C1DFBBFB79226FFFD6AB7 /* Pods-LogMe.release.xcconfig */;
			buildSettings = {
				ASSETCATALOG_COMPILER_APPICON_NAME = AppIcon;
				CODE_SIGN_ENTITLEMENTS = LogMe/LogMe.entitlements;
				CODE_SIGN_STYLE = Automatic;
				INFOPLIST_FILE = LogMe/Info.plist;
				LD_RUNPATH_SEARCH_PATHS = (
					"$(inherited)",
					"@executable_path/Frameworks",
				);
				PRODUCT_BUNDLE_IDENTIFIER = com.howardchang.login.LogMe;
				PRODUCT_NAME = "$(TARGET_NAME)";
				SWIFT_VERSION = 5.0;
				TARGETED_DEVICE_FAMILY = "1,2";
			};
			name = Release;
		};
/* End XCBuildConfiguration section */

/* Begin XCConfigurationList section */
		8851E334233B078F0083D15F /* Build configuration list for PBXProject "LogMe" */ = {
			isa = XCConfigurationList;
			buildConfigurations = (
				8851E34E233B07900083D15F /* Debug */,
				8851E34F233B07900083D15F /* Release */,
			);
			defaultConfigurationIsVisible = 0;
			defaultConfigurationName = Release;
		};
		8851E350233B07900083D15F /* Build configuration list for PBXNativeTarget "LogMe" */ = {
			isa = XCConfigurationList;
			buildConfigurations = (
				8851E351233B07900083D15F /* Debug */,
				8851E352233B07900083D15F /* Release */,
			);
			defaultConfigurationIsVisible = 0;
			defaultConfigurationName = Release;
		};
/* End XCConfigurationList section */

/* Begin XCVersionGroup section */
		8851E345233B078F0083D15F /* LogMe.xcdatamodeld */ = {
			isa = XCVersionGroup;
			children = (
				8851E346233B078F0083D15F /* LogMe.xcdatamodel */,
			);
			currentVersion = 8851E346233B078F0083D15F /* LogMe.xcdatamodel */;
			path = LogMe.xcdatamodeld;
			sourceTree = "<group>";
			versionGroupType = wrapper.xcdatamodel;
		};
/* End XCVersionGroup section */
	};
	rootObject = 8851E331233B078F0083D15F /* Project object */;
}
